<?xml version="1.0" encoding="utf-8"?>
<Project ToolsVersion="4.0" xmlns="http://schemas.microsoft.com/developer/msbuild/2003">
  <ItemGroup>
    <ClCompile Include="main.cxx" />
    <ClCompile Include="main.hxx" />
  </ItemGroup>
  <ItemGroup>
    <Filter Include="dll">
      <UniqueIdentifier>{cad21304-8943-4946-bef4-5179639e0686}</UniqueIdentifier>
    </Filter>
    <Filter Include="shader">
      <UniqueIdentifier>{6d66e1a4-773a-4bb5-9dea-57492a8cce64}</UniqueIdentifier>
    </Filter>
  </ItemGroup>
  <ItemGroup>
    <CopyFileToFolders Include="gl\glew32.dll">
      <Filter>dll</Filter>
    </CopyFileToFolders>
    <CopyFileToFolders Include="gl\glfw3.dll">
      <Filter>dll</Filter>
    </CopyFileToFolders>
    <CopyFileToFolders Include="shader.fragment">
      <Filter>shader</Filter>
    </CopyFileToFolders>
    <CopyFileToFolders Include="shader.vertex">
      <Filter>shader</Filter>
    </CopyFileToFolders>
  </ItemGroup>
</Project>